
Microsoft Visual Studio Solution File, Format Version 12.00
# Visual Studio 15
VisualStudioVersion = 15.0.28307.572
MinimumVisualStudioVersion = 10.0.40219.1
Project("{FAE04EC0-301F-11D3-BF4B-00C04F79EFBC}") = "CleanTempFolder.WindowsService", "CleanTempFolder.WindowsService\CleanTempFolder.WindowsService.csproj", "{07A449CF-185B-4ED7-8067-A437CCEC7162}"
EndProject
Global
	GlobalSection(SolutionConfigurationPlatforms) = preSolution
		Debug|Any CPU = Debug|Any CPU
		Release|Any CPU = Release|Any CPU
	EndGlobalSection
	GlobalSection(ProjectConfigurationPlatforms) = postSolution
		{07A449CF-185B-4ED7-8067-A437CCEC7162}.Debug|Any CPU.ActiveCfg = Debug|Any CPU
		{07A449CF-185B-4ED7-8067-A437CCEC7162}.Debug|Any CPU.Build.0 = Debug|Any CPU
		{07A449CF-185B-4ED7-8067-A437CCEC7162}.Release|Any CPU.ActiveCfg = Release|Any CPU
		{07A449CF-185B-4ED7-8067-A437CCEC7162}.Release|Any CPU.Build.0 = Release|Any CPU
	EndGlobalSection
	GlobalSection(SolutionProperties) = preSolution
		HideSolutionNode = FALSE
	EndGlobalSection
	GlobalSection(ExtensibilityGlobals) = postSolution
		SolutionGuid = {CCDB7E54-D27B-4CBE-911F-0117E87C9AEB}
	EndGlobalSection
EndGlobal
